
Microsoft Visual Studio Solution File, Format Version 12.00
# Visual Studio Version 16
VisualStudioVersion = 16.0.31911.196
MinimumVisualStudioVersion = 10.0.40219.1
Project("{FAE04EC0-301F-11D3-BF4B-00C04F79EFBC}") = "CrudTech", "CrudTech\CrudTech.csproj", "{30C72A81-5946-4655-B759-2B1B7C52DEFD}"
EndProject
Global
	GlobalSection(SolutionConfigurationPlatforms) = preSolution
		Debug|Any CPU = Debug|Any CPU
		Release|Any CPU = Release|Any CPU
	EndGlobalSection
	GlobalSection(ProjectConfigurationPlatforms) = postSolution
		{30C72A81-5946-4655-B759-2B1B7C52DEFD}.Debug|Any CPU.ActiveCfg = Debug|Any CPU
		{30C72A81-5946-4655-B759-2B1B7C52DEFD}.Debug|Any CPU.Build.0 = Debug|Any CPU
		{30C72A81-5946-4655-B759-2B1B7C52DEFD}.Release|Any CPU.ActiveCfg = Release|Any CPU
		{30C72A81-5946-4655-B759-2B1B7C52DEFD}.Release|Any CPU.Build.0 = Release|Any CPU
	EndGlobalSection
	GlobalSection(SolutionProperties) = preSolution
		HideSolutionNode = FALSE
	EndGlobalSection
	GlobalSection(ExtensibilityGlobals) = postSolution
		SolutionGuid = {0363904A-2DB7-4FD5-8CCB-E9AA2053E406}
	EndGlobalSection
EndGlobal
